# This file is automatically @generated by Cargo.
# It is not intended for manual editing.
version = 3

[[package]]
name = "pagebridge"
version = "0.0.1"
dependencies = [
 "pagebridge-adapter-embedded",
 "pagebridge-adapter-jsonfile",
 "pagebridge-adapter-mongodb",
 "pagebridge-adapter-postgres",
 "pagebridge-adapter-sqlite",
 "pagebridge-core",
 "pagebridge-llm-anthropic",
 "pagebridge-llm-ollama",
 "pagebridge-llm-openai",
]

[[package]]
name = "pagebridge-adapter-embedded"
version = "0.0.1"
dependencies = [
 "pagebridge-core",
]

[[package]]
name = "pagebridge-adapter-jsonfile"
version = "0.0.1"
dependencies = [
 "pagebridge-core",
]

[[package]]
name = "pagebridge-adapter-mongodb"
version = "0.0.1"
dependencies = [
 "pagebridge-core",
]

[[package]]
name = "pagebridge-adapter-postgres"
version = "0.0.1"
dependencies = [
 "pagebridge-core",
]

[[package]]
name = "pagebridge-adapter-sqlite"
version = "0.0.1"
dependencies = [
 "pagebridge-core",
]

[[package]]
name = "pagebridge-cli"
version = "0.0.1"
dependencies = [
 "pagebridge-core",
]

[[package]]
name = "pagebridge-core"
version = "0.0.1"

[[package]]
name = "pagebridge-llm-anthropic"
version = "0.0.1"
dependencies = [
 "pagebridge-core",
]

[[package]]
name = "pagebridge-llm-ollama"
version = "0.0.1"
dependencies = [
 "pagebridge-core",
]

[[package]]
name = "pagebridge-llm-openai"
version = "0.0.1"
dependencies = [
 "pagebridge-core",
]

[[package]]
name = "pagebridge-py"
version = "0.0.1"
dependencies = [
 "pagebridge-core",
]
